Microsoft Visual Studio Solution File, Format Version 11.00
# Visual Studio 2008

Project("{D361B9CA-EB7D-55F1-37B0-4CA71BF4D0A7}") = "Auto-tune 5.3", "Assembly-CSharp.csproj", "{A739B2F8-897F-7706-96A4-030FE2857737}"
EndProject
Project("{D361B9CA-EB7D-55F1-37B0-4CA71BF4D0A7}") = "Auto-tune 5.3", "Assembly-CSharp-Editor.csproj", "{AA0B2B27-A7F9-4B21-DBC3-2E6AC0ACD249}"
EndProject
Global
	GlobalSection(SolutionConfigurationPlatforms) = preSolution
		Debug|Any CPU = Debug|Any CPU
		Release|Any CPU = Release|Any CPU
	EndGlobalSection
	GlobalSection(ProjectConfigurationPlatforms) = postSolution
		{A739B2F8-897F-7706-96A4-030FE2857737}.Debug|Any CPU.ActiveCfg = Debug|Any CPU
		{A739B2F8-897F-7706-96A4-030FE2857737}.Debug|Any CPU.Build.0 = Debug|Any CPU
		{A739B2F8-897F-7706-96A4-030FE2857737}.Release|Any CPU.ActiveCfg = Release|Any CPU
		{A739B2F8-897F-7706-96A4-030FE2857737}.Release|Any CPU.Build.0 = Release|Any CPU
		{AA0B2B27-A7F9-4B21-DBC3-2E6AC0ACD249}.Debug|Any CPU.ActiveCfg = Debug|Any CPU
		{AA0B2B27-A7F9-4B21-DBC3-2E6AC0ACD249}.Debug|Any CPU.Build.0 = Debug|Any CPU
		{AA0B2B27-A7F9-4B21-DBC3-2E6AC0ACD249}.Release|Any CPU.ActiveCfg = Release|Any CPU
		{AA0B2B27-A7F9-4B21-DBC3-2E6AC0ACD249}.Release|Any CPU.Build.0 = Release|Any CPU
	EndGlobalSection
	GlobalSection(SolutionProperties) = preSolution
		HideSolutionNode = FALSE
	EndGlobalSection
	GlobalSection(MonoDevelopProperties) = preSolution
		StartupItem = Assembly-CSharp.csproj
	EndGlobalSection
EndGlobal
